{
  "name": "electron-prompt",
  "version": "0.3.0",
  "lockfileVersion": 1,
  "requires": true,
  "dependencies": {
    "doc-ready": {
      "version": "1.0.4",
      "resolved": "https://registry.npmjs.org/doc-ready/-/doc-ready-1.0.4.tgz",
      "integrity": "sha1-N/U5GWnP+ZQwP9/vLl1QNX+BZNM=",
      "requires": {
        "eventie": "1.0.6"
      }
    },
    "eventie": {
      "version": "1.0.6",
      "resolved": "https://registry.npmjs.org/eventie/-/eventie-1.0.6.tgz",
      "integrity": "sha1-1P/IsMK15JPCqhsiy+kY067nRDc="
    }
  }
}
